
Microsoft Visual Studio Solution File, Format Version 12.00
# Visual Studio 2013
VisualStudioVersion = 12.0.40629.0
MinimumVisualStudioVersion = 10.0.40219.1
Project("{FAE04EC0-301F-11D3-BF4B-00C04F79EFBC}") = "ITHelp_Data_Service", "ITHelp_Data_Service\ITHelp_Data_Service.csproj", "{7BF516C5-AE42-45BA-99D7-0EF2C87215D4}"
EndProject
Project("{FAE04EC0-301F-11D3-BF4B-00C04F79EFBC}") = "ITHelp_Data_Service.Tests", "ITHelp_Data_Service.Tests\ITHelp_Data_Service.Tests.csproj", "{6FAABE15-8E84-41D4-AEBF-2544B287AF91}"
EndProject
Project("{FAE04EC0-301F-11D3-BF4B-00C04F79EFBC}") = "ITHelp_Api", "ITHelp_Api\ITHelp_Api.csproj", "{E6929311-DD69-40A5-BFCC-61DB312E53E7}"
EndProject
Project("{FAE04EC0-301F-11D3-BF4B-00C04F79EFBC}") = "ITHelp_Api.Tests", "ITHelp_Api.Tests\ITHelp_Api.Tests.csproj", "{8D6720C3-17F2-4A9D-A2E9-54C1C92F94AA}"
EndProject
Project("{FAE04EC0-301F-11D3-BF4B-00C04F79EFBC}") = "ITHelp_Site", "ITHelp_Site\ITHelp_Site.csproj", "{72F70384-CE35-4C0D-A70B-1526FCC65C62}"
EndProject
Project("{FAE04EC0-301F-11D3-BF4B-00C04F79EFBC}") = "ITHelp_Site.Tests", "ITHelp_Site.Tests\ITHelp_Site.Tests.csproj", "{97EDB299-9108-4168-BD25-756A0DFFED76}"
EndProject
Project("{FAE04EC0-301F-11D3-BF4B-00C04F79EFBC}") = "ITHelp_Authentication", "ITHelp_Authentication\ITHelp_Authentication.csproj", "{7C4CFFA3-5D4D-4786-990D-4EBEF91C128E}"
EndProject
Project("{FAE04EC0-301F-11D3-BF4B-00C04F79EFBC}") = "ITHelp_Authentication.Tests", "ITHelp_Authentication.Tests\ITHelp_Authentication.Tests.csproj", "{38022569-728A-4328-ABB9-5830E3A07C0D}"
EndProject
Project("{FAE04EC0-301F-11D3-BF4B-00C04F79EFBC}") = "ITHelp_Models", "ITHelp_Models\ITHelp_Models.csproj", "{BFC574AC-3BE0-4EF0-8D64-7B92EBFFC1E0}"
EndProject
Global
	GlobalSection(SolutionConfigurationPlatforms) = preSolution
		Debug|Any CPU = Debug|Any CPU
		Release|Any CPU = Release|Any CPU
	EndGlobalSection
	GlobalSection(ProjectConfigurationPlatforms) = postSolution
		{7BF516C5-AE42-45BA-99D7-0EF2C87215D4}.Debug|Any CPU.ActiveCfg = Debug|Any CPU
		{7BF516C5-AE42-45BA-99D7-0EF2C87215D4}.Debug|Any CPU.Build.0 = Debug|Any CPU
		{7BF516C5-AE42-45BA-99D7-0EF2C87215D4}.Release|Any CPU.ActiveCfg = Release|Any CPU
		{7BF516C5-AE42-45BA-99D7-0EF2C87215D4}.Release|Any CPU.Build.0 = Release|Any CPU
		{6FAABE15-8E84-41D4-AEBF-2544B287AF91}.Debug|Any CPU.ActiveCfg = Debug|Any CPU
		{6FAABE15-8E84-41D4-AEBF-2544B287AF91}.Debug|Any CPU.Build.0 = Debug|Any CPU
		{6FAABE15-8E84-41D4-AEBF-2544B287AF91}.Release|Any CPU.ActiveCfg = Release|Any CPU
		{6FAABE15-8E84-41D4-AEBF-2544B287AF91}.Release|Any CPU.Build.0 = Release|Any CPU
		{E6929311-DD69-40A5-BFCC-61DB312E53E7}.Debug|Any CPU.ActiveCfg = Debug|Any CPU
		{E6929311-DD69-40A5-BFCC-61DB312E53E7}.Debug|Any CPU.Build.0 = Debug|Any CPU
		{E6929311-DD69-40A5-BFCC-61DB312E53E7}.Release|Any CPU.ActiveCfg = Release|Any CPU
		{E6929311-DD69-40A5-BFCC-61DB312E53E7}.Release|Any CPU.Build.0 = Release|Any CPU
		{8D6720C3-17F2-4A9D-A2E9-54C1C92F94AA}.Debug|Any CPU.ActiveCfg = Debug|Any CPU
		{8D6720C3-17F2-4A9D-A2E9-54C1C92F94AA}.Debug|Any CPU.Build.0 = Debug|Any CPU
		{8D6720C3-17F2-4A9D-A2E9-54C1C92F94AA}.Release|Any CPU.ActiveCfg = Release|Any CPU
		{8D6720C3-17F2-4A9D-A2E9-54C1C92F94AA}.Release|Any CPU.Build.0 = Release|Any CPU
		{72F70384-CE35-4C0D-A70B-1526FCC65C62}.Debug|Any CPU.ActiveCfg = Debug|Any CPU
		{72F70384-CE35-4C0D-A70B-1526FCC65C62}.Debug|Any CPU.Build.0 = Debug|Any CPU
		{72F70384-CE35-4C0D-A70B-1526FCC65C62}.Release|Any CPU.ActiveCfg = Release|Any CPU
		{72F70384-CE35-4C0D-A70B-1526FCC65C62}.Release|Any CPU.Build.0 = Release|Any CPU
		{97EDB299-9108-4168-BD25-756A0DFFED76}.Debug|Any CPU.ActiveCfg = Debug|Any CPU
		{97EDB299-9108-4168-BD25-756A0DFFED76}.Debug|Any CPU.Build.0 = Debug|Any CPU
		{97EDB299-9108-4168-BD25-756A0DFFED76}.Release|Any CPU.ActiveCfg = Release|Any CPU
		{97EDB299-9108-4168-BD25-756A0DFFED76}.Release|Any CPU.Build.0 = Release|Any CPU
		{7C4CFFA3-5D4D-4786-990D-4EBEF91C128E}.Debug|Any CPU.ActiveCfg = Debug|Any CPU
		{7C4CFFA3-5D4D-4786-990D-4EBEF91C128E}.Debug|Any CPU.Build.0 = Debug|Any CPU
		{7C4CFFA3-5D4D-4786-990D-4EBEF91C128E}.Release|Any CPU.ActiveCfg = Release|Any CPU
		{7C4CFFA3-5D4D-4786-990D-4EBEF91C128E}.Release|Any CPU.Build.0 = Release|Any CPU
		{38022569-728A-4328-ABB9-5830E3A07C0D}.Debug|Any CPU.ActiveCfg = Debug|Any CPU
		{38022569-728A-4328-ABB9-5830E3A07C0D}.Debug|Any CPU.Build.0 = Debug|Any CPU
		{38022569-728A-4328-ABB9-5830E3A07C0D}.Release|Any CPU.ActiveCfg = Release|Any CPU
		{38022569-728A-4328-ABB9-5830E3A07C0D}.Release|Any CPU.Build.0 = Release|Any CPU
		{BFC574AC-3BE0-4EF0-8D64-7B92EBFFC1E0}.Debug|Any CPU.ActiveCfg = Debug|Any CPU
		{BFC574AC-3BE0-4EF0-8D64-7B92EBFFC1E0}.Debug|Any CPU.Build.0 = Debug|Any CPU
		{BFC574AC-3BE0-4EF0-8D64-7B92EBFFC1E0}.Release|Any CPU.ActiveCfg = Release|Any CPU
		{BFC574AC-3BE0-4EF0-8D64-7B92EBFFC1E0}.Release|Any CPU.Build.0 = Release|Any CPU
	EndGlobalSection
	GlobalSection(SolutionProperties) = preSolution
		HideSolutionNode = FALSE
	EndGlobalSection
EndGlobal
